// !$*UTF8*$!
{
	archiveVersion = 1;
	classes = {
	};
	objectVersion = 56;
	objects = {

/* Begin PBXBuildFile section */
		373DA5A12AF3CA8E002E787A /* AppDelegate.m in Sources */ = {isa = PBXBuildFile; fileRef = 373DA5A02AF3CA8E002E787A /* AppDelegate.m */; };
		373DA5A42AF3CA8E002E787A /* SceneDelegate.m in Sources */ = {isa = PBXBuildFile; fileRef = 373DA5A32AF3CA8E002E787A /* SceneDelegate.m */; };
		373DA5A72AF3CA8E002E787A /* ViewController.m in Sources */ = {isa = PBXBuildFile; fileRef = 373DA5A62AF3CA8E002E787A /* ViewController.m */; };
		373DA5AA2AF3CA8E002E787A /* Main.storyboard in Resources */ = {isa = PBXBuildFile; fileRef = 373DA5A82AF3CA8E002E787A /* Main.storyboard */; };
		373DA5AC2AF3CA8F002E787A /* Assets.xcassets in Resources */ = {isa = PBXBuildFile; fileRef = 373DA5AB2AF3CA8F002E787A /* Assets.xcassets */; };
		373DA5AF2AF3CA8F002E787A /* LaunchScreen.storyboard in Resources */ = {isa = PBXBuildFile; fileRef = 373DA5AD2AF3CA8F002E787A /* LaunchScreen.storyboard */; };
		373DA5B22AF3CA8F002E787A /* main.m in Sources */ = {isa = PBXBuildFile; fileRef = 373DA5B12AF3CA8F002E787A /* main.m */; };
		373DA5D72AF3CAB8002E787A /* HTMLParser.m in Sources */ = {isa = PBXBuildFile; fileRef = 373DA5B92AF3CAB8002E787A /* HTMLParser.m */; };
		373DA5D82AF3CAB8002E787A /* HTMLParserDelegate.m in Sources */ = {isa = PBXBuildFile; fileRef = 373DA5BA2AF3CAB8002E787A /* HTMLParserDelegate.m */; };
		373DA5D92AF3CAB8002E787A /* HTMLTagHeader.m in Sources */ = {isa = PBXBuildFile; fileRef = 373DA5C02AF3CAB8002E787A /* HTMLTagHeader.m */; };
		373DA5DA2AF3CAB8002E787A /* HTMLBaseTag.m in Sources */ = {isa = PBXBuildFile; fileRef = 373DA5C12AF3CAB8002E787A /* HTMLBaseTag.m */; };
		373DA5DB2AF3CAB8002E787A /* TextHTMLTag.m in Sources */ = {isa = PBXBuildFile; fileRef = 373DA5C32AF3CAB8002E787A /* TextHTMLTag.m */; };
		373DA5DC2AF3CAB8002E787A /* FONTHTMLTag.m in Sources */ = {isa = PBXBuildFile; fileRef = 373DA5C42AF3CAB8002E787A /* FONTHTMLTag.m */; };
		373DA5DD2AF3CAB8002E787A /* NEWLINEHTMLTag.m in Sources */ = {isa = PBXBuildFile; fileRef = 373DA5C52AF3CAB8002E787A /* NEWLINEHTMLTag.m */; };
		373DA5DE2AF3CAB8002E787A /* IMGHTMLTag.m in Sources */ = {isa = PBXBuildFile; fileRef = 373DA5C62AF3CAB8002E787A /* IMGHTMLTag.m */; };
		373DA5DF2AF3CAB8002E787A /* HTMLTagFactory.m in Sources */ = {isa = PBXBuildFile; fileRef = 373DA5C72AF3CAB8002E787A /* HTMLTagFactory.m */; };
		373DA5E02AF3CAB8002E787A /* BHTMLTag.m in Sources */ = {isa = PBXBuildFile; fileRef = 373DA5C82AF3CAB8002E787A /* BHTMLTag.m */; };
		373DA5E12AF3CAB8002E787A /* HTMLParserAttRegex.m in Sources */ = {isa = PBXBuildFile; fileRef = 373DA5CF2AF3CAB8002E787A /* HTMLParserAttRegex.m */; };
		373DA5E22AF3CAB8002E787A /* HTMLBaseTag+Tool.m in Sources */ = {isa = PBXBuildFile; fileRef = 373DA5D12AF3CAB8002E787A /* HTMLBaseTag+Tool.m */; };
		373DA5E32AF3CAB8002E787A /* NSTextCheckingResult+Tool.m in Sources */ = {isa = PBXBuildFile; fileRef = 373DA5D42AF3CAB8002E787A /* NSTextCheckingResult+Tool.m */; };
		373DA5E42AF3CAB8002E787A /* HTMLParserTagRegex.m in Sources */ = {isa = PBXBuildFile; fileRef = 373DA5D52AF3CAB8002E787A /* HTMLParserTagRegex.m */; };
		373DA5EA2AF3CC81002E787A /* UIColor+Hex.m in Sources */ = {isa = PBXBuildFile; fileRef = 373DA5E82AF3CC81002E787A /* UIColor+Hex.m */; };
		5E00FF20F035588D0FE26EF8 /* libPods-HTMLParseDomn.a in Frameworks */ = {isa = PBXBuildFile; fileRef = 42013ED6D068059088626EB3 /* libPods-HTMLParseDomn.a */; };
/* End PBXBuildFile section */

/* Begin PBXFileReference section */
		373DA59C2AF3CA8E002E787A /* HTMLParseDomn.app */ = {isa = PBXFileReference; explicitFileType = wrapper.application; includeInIndex = 0; path = HTMLParseDomn.app; sourceTree = BUILT_PRODUCTS_DIR; };
		373DA59F2AF3CA8E002E787A /* AppDelegate.h */ = {isa = PBXFileReference; lastKnownFileType = sourcecode.c.h; path = AppDelegate.h; sourceTree = "<group>"; };
		373DA5A02AF3CA8E002E787A /* AppDelegate.m */ = {isa = PBXFileReference; lastKnownFileType = sourcecode.c.objc; path = AppDelegate.m; sourceTree = "<group>"; };
		373DA5A22AF3CA8E002E787A /* SceneDelegate.h */ = {isa = PBXFileReference; lastKnownFileType = sourcecode.c.h; path = SceneDelegate.h; sourceTree = "<group>"; };
		373DA5A32AF3CA8E002E787A /* SceneDelegate.m */ = {isa = PBXFileReference; lastKnownFileType = sourcecode.c.objc; path = SceneDelegate.m; sourceTree = "<group>"; };
		373DA5A52AF3CA8E002E787A /* ViewController.h */ = {isa = PBXFileReference; lastKnownFileType = sourcecode.c.h; path = ViewController.h; sourceTree = "<group>"; };
		373DA5A62AF3CA8E002E787A /* ViewController.m */ = {isa = PBXFileReference; lastKnownFileType = sourcecode.c.objc; path = ViewController.m; sourceTree = "<group>"; };
		373DA5A92AF3CA8E002E787A /* Base */ = {isa = PBXFileReference; lastKnownFileType = file.storyboard; name = Base; path = Base.lproj/Main.storyboard; sourceTree = "<group>"; };
		373DA5AB2AF3CA8F002E787A /* Assets.xcassets */ = {isa = PBXFileReference; lastKnownFileType = folder.assetcatalog; path = Assets.xcassets; sourceTree = "<group>"; };
		373DA5AE2AF3CA8F002E787A /* Base */ = {isa = PBXFileReference; lastKnownFileType = file.storyboard; name = Base; path = Base.lproj/LaunchScreen.storyboard; sourceTree = "<group>"; };
		373DA5B02AF3CA8F002E787A /* Info.plist */ = {isa = PBXFileReference; lastKnownFileType = text.plist.xml; path = Info.plist; sourceTree = "<group>"; };
		373DA5B12AF3CA8F002E787A /* main.m */ = {isa = PBXFileReference; lastKnownFileType = sourcecode.c.objc; path = main.m; sourceTree = "<group>"; };
		373DA5B92AF3CAB8002E787A /* HTMLParser.m */ = {isa = PBXFileReference; fileEncoding = 4; lastKnownFileType = sourcecode.c.objc; path = HTMLParser.m; sourceTree = "<group>"; };
		373DA5BA2AF3CAB8002E787A /* HTMLParserDelegate.m */ = {isa = PBXFileReference; fileEncoding = 4; lastKnownFileType = sourcecode.c.objc; path = HTMLParserDelegate.m; sourceTree = "<group>"; };
		373DA5BB2AF3CAB8002E787A /* HTMLParser.h */ = {isa = PBXFileReference; fileEncoding = 4; lastKnownFileType = sourcecode.c.h; path = HTMLParser.h; sourceTree = "<group>"; };
		373DA5BC2AF3CAB8002E787A /* HTMLParserDelegate.h */ = {isa = PBXFileReference; fileEncoding = 4; lastKnownFileType = sourcecode.c.h; path = HTMLParserDelegate.h; sourceTree = "<group>"; };
		373DA5BE2AF3CAB8002E787A /* HTMLTagFactory.h */ = {isa = PBXFileReference; fileEncoding = 4; lastKnownFileType = sourcecode.c.h; path = HTMLTagFactory.h; sourceTree = "<group>"; };
		373DA5BF2AF3CAB8002E787A /* IMGHTMLTag.h */ = {isa = PBXFileReference; fileEncoding = 4; lastKnownFileType = sourcecode.c.h; path = IMGHTMLTag.h; sourceTree = "<group>"; };
		373DA5C02AF3CAB8002E787A /* HTMLTagHeader.m */ = {isa = PBXFileReference; fileEncoding = 4; lastKnownFileType = sourcecode.c.objc; path = HTMLTagHeader.m; sourceTree = "<group>"; };
		373DA5C12AF3CAB8002E787A /* HTMLBaseTag.m */ = {isa = PBXFileReference; fileEncoding = 4; lastKnownFileType = sourcecode.c.objc; path = HTMLBaseTag.m; sourceTree = "<group>"; };
		373DA5C22AF3CAB8002E787A /* BHTMLTag.h */ = {isa = PBXFileReference; fileEncoding = 4; lastKnownFileType = sourcecode.c.h; path = BHTMLTag.h; sourceTree = "<group>"; };
		373DA5C32AF3CAB8002E787A /* TextHTMLTag.m */ = {isa = PBXFileReference; fileEncoding = 4; lastKnownFileType = sourcecode.c.objc; path = TextHTMLTag.m; sourceTree = "<group>"; };
		373DA5C42AF3CAB8002E787A /* FONTHTMLTag.m */ = {isa = PBXFileReference; fileEncoding = 4; lastKnownFileType = sourcecode.c.objc; path = FONTHTMLTag.m; sourceTree = "<group>"; };
		373DA5C52AF3CAB8002E787A /* NEWLINEHTMLTag.m */ = {isa = PBXFileReference; fileEncoding = 4; lastKnownFileType = sourcecode.c.objc; path = NEWLINEHTMLTag.m; sourceTree = "<group>"; };
		373DA5C62AF3CAB8002E787A /* IMGHTMLTag.m */ = {isa = PBXFileReference; fileEncoding = 4; lastKnownFileType = sourcecode.c.objc; path = IMGHTMLTag.m; sourceTree = "<group>"; };
		373DA5C72AF3CAB8002E787A /* HTMLTagFactory.m */ = {isa = PBXFileReference; fileEncoding = 4; lastKnownFileType = sourcecode.c.objc; path = HTMLTagFactory.m; sourceTree = "<group>"; };
		373DA5C82AF3CAB8002E787A /* BHTMLTag.m */ = {isa = PBXFileReference; fileEncoding = 4; lastKnownFileType = sourcecode.c.objc; path = BHTMLTag.m; sourceTree = "<group>"; };
		373DA5C92AF3CAB8002E787A /* HTMLBaseTag.h */ = {isa = PBXFileReference; fileEncoding = 4; lastKnownFileType = sourcecode.c.h; path = HTMLBaseTag.h; sourceTree = "<group>"; };
		373DA5CA2AF3CAB8002E787A /* HTMLTagHeader.h */ = {isa = PBXFileReference; fileEncoding = 4; lastKnownFileType = sourcecode.c.h; path = HTMLTagHeader.h; sourceTree = "<group>"; };
		373DA5CB2AF3CAB8002E787A /* TextHTMLTag.h */ = {isa = PBXFileReference; fileEncoding = 4; lastKnownFileType = sourcecode.c.h; path = TextHTMLTag.h; sourceTree = "<group>"; };
		373DA5CC2AF3CAB8002E787A /* NEWLINEHTMLTag.h */ = {isa = PBXFileReference; fileEncoding = 4; lastKnownFileType = sourcecode.c.h; path = NEWLINEHTMLTag.h; sourceTree = "<group>"; };
		373DA5CD2AF3CAB8002E787A /* FONTHTMLTag.h */ = {isa = PBXFileReference; fileEncoding = 4; lastKnownFileType = sourcecode.c.h; path = FONTHTMLTag.h; sourceTree = "<group>"; };
		373DA5CF2AF3CAB8002E787A /* HTMLParserAttRegex.m */ = {isa = PBXFileReference; fileEncoding = 4; lastKnownFileType = sourcecode.c.objc; path = HTMLParserAttRegex.m; sourceTree = "<group>"; };
		373DA5D02AF3CAB8002E787A /* NSTextCheckingResult+Tool.h */ = {isa = PBXFileReference; fileEncoding = 4; lastKnownFileType = sourcecode.c.h; path = "NSTextCheckingResult+Tool.h"; sourceTree = "<group>"; };
		373DA5D12AF3CAB8002E787A /* HTMLBaseTag+Tool.m */ = {isa = PBXFileReference; fileEncoding = 4; lastKnownFileType = sourcecode.c.objc; path = "HTMLBaseTag+Tool.m"; sourceTree = "<group>"; };
		373DA5D22AF3CAB8002E787A /* HTMLParserTagRegex.h */ = {isa = PBXFileReference; fileEncoding = 4; lastKnownFileType = sourcecode.c.h; path = HTMLParserTagRegex.h; sourceTree = "<group>"; };
		373DA5D32AF3CAB8002E787A /* HTMLParserAttRegex.h */ = {isa = PBXFileReference; fileEncoding = 4; lastKnownFileType = sourcecode.c.h; path = HTMLParserAttRegex.h; sourceTree = "<group>"; };
		373DA5D42AF3CAB8002E787A /* NSTextCheckingResult+Tool.m */ = {isa = PBXFileReference; fileEncoding = 4; lastKnownFileType = sourcecode.c.objc; path = "NSTextCheckingResult+Tool.m"; sourceTree = "<group>"; };
		373DA5D52AF3CAB8002E787A /* HTMLParserTagRegex.m */ = {isa = PBXFileReference; fileEncoding = 4; lastKnownFileType = sourcecode.c.objc; path = HTMLParserTagRegex.m; sourceTree = "<group>"; };
		373DA5D62AF3CAB8002E787A /* HTMLBaseTag+Tool.h */ = {isa = PBXFileReference; fileEncoding = 4; lastKnownFileType = sourcecode.c.h; path = "HTMLBaseTag+Tool.h"; sourceTree = "<group>"; };
		373DA5E82AF3CC81002E787A /* UIColor+Hex.m */ = {isa = PBXFileReference; fileEncoding = 4; lastKnownFileType = sourcecode.c.objc; path = "UIColor+Hex.m"; sourceTree = "<group>"; };
		373DA5E92AF3CC81002E787A /* UIColor+Hex.h */ = {isa = PBXFileReference; fileEncoding = 4; lastKnownFileType = sourcecode.c.h; path = "UIColor+Hex.h"; sourceTree = "<group>"; };
		42013ED6D068059088626EB3 /* libPods-HTMLParseDomn.a */ = {isa = PBXFileReference; explicitFileType = archive.ar; includeInIndex = 0; path = "libPods-HTMLParseDomn.a"; sourceTree = BUILT_PRODUCTS_DIR; };
		6E969C90F57EC963C91CDF93 /* Pods-HTMLParseDomn.debug.xcconfig */ = {isa = PBXFileReference; includeInIndex = 1; lastKnownFileType = text.xcconfig; name = "Pods-HTMLParseDomn.debug.xcconfig"; path = "Target Support Files/Pods-HTMLParseDomn/Pods-HTMLParseDomn.debug.xcconfig"; sourceTree = "<group>"; };
		BC3D60D856CA0A95911777BE /* Pods-HTMLParseDomn.release.xcconfig */ = {isa = PBXFileReference; includeInIndex = 1; lastKnownFileType = text.xcconfig; name = "Pods-HTMLParseDomn.release.xcconfig"; path = "Target Support Files/Pods-HTMLParseDomn/Pods-HTMLParseDomn.release.xcconfig"; sourceTree = "<group>"; };
/* End PBXFileReference section */

/* Begin PBXFrameworksBuildPhase section */
		373DA5992AF3CA8E002E787A /* Frameworks */ = {
			isa = PBXFrameworksBuildPhase;
			buildActionMask = 2147483647;
			files = (
				5E00FF20F035588D0FE26EF8 /* libPods-HTMLParseDomn.a in Frameworks */,
			);
			runOnlyForDeploymentPostprocessing = 0;
		};
/* End PBXFrameworksBuildPhase section */

/* Begin PBXGroup section */
		2D2D96ECB100DF1514EA350E /* Frameworks */ = {
			isa = PBXGroup;
			children = (
				42013ED6D068059088626EB3 /* libPods-HTMLParseDomn.a */,
			);
			name = Frameworks;
			sourceTree = "<group>";
		};
		373DA5932AF3CA8E002E787A = {
			isa = PBXGroup;
			children = (
				373DA59E2AF3CA8E002E787A /* HTMLParseDomn */,
				373DA59D2AF3CA8E002E787A /* Products */,
				50DB39EE9ABAD35A1C2C2C72 /* Pods */,
				2D2D96ECB100DF1514EA350E /* Frameworks */,
			);
			sourceTree = "<group>";
		};
		373DA59D2AF3CA8E002E787A /* Products */ = {
			isa = PBXGroup;
			children = (
				373DA59C2AF3CA8E002E787A /* HTMLParseDomn.app */,
			);
			name = Products;
			sourceTree = "<group>";
		};
		373DA59E2AF3CA8E002E787A /* HTMLParseDomn */ = {
			isa = PBXGroup;
			children = (
				373DA5B82AF3CAB8002E787A /* WBHTMLParse */,
				373DA59F2AF3CA8E002E787A /* AppDelegate.h */,
				373DA5A02AF3CA8E002E787A /* AppDelegate.m */,
				373DA5A22AF3CA8E002E787A /* SceneDelegate.h */,
				373DA5A32AF3CA8E002E787A /* SceneDelegate.m */,
				373DA5A52AF3CA8E002E787A /* ViewController.h */,
				373DA5A62AF3CA8E002E787A /* ViewController.m */,
				373DA5A82AF3CA8E002E787A /* Main.storyboard */,
				373DA5AB2AF3CA8F002E787A /* Assets.xcassets */,
				373DA5AD2AF3CA8F002E787A /* LaunchScreen.storyboard */,
				373DA5B02AF3CA8F002E787A /* Info.plist */,
				373DA5B12AF3CA8F002E787A /* main.m */,
			);
			path = HTMLParseDomn;
			sourceTree = "<group>";
		};
		373DA5B82AF3CAB8002E787A /* WBHTMLParse */ = {
			isa = PBXGroup;
			children = (
				373DA5BC2AF3CAB8002E787A /* HTMLParserDelegate.h */,
				373DA5BA2AF3CAB8002E787A /* HTMLParserDelegate.m */,
				373DA5BB2AF3CAB8002E787A /* HTMLParser.h */,
				373DA5B92AF3CAB8002E787A /* HTMLParser.m */,
				373DA5BD2AF3CAB8002E787A /* HTMLTag */,
				373DA5CE2AF3CAB8002E787A /* Tool */,
			);
			path = WBHTMLParse;
			sourceTree = "<group>";
		};
		373DA5BD2AF3CAB8002E787A /* HTMLTag */ = {
			isa = PBXGroup;
			children = (
				373DA5BE2AF3CAB8002E787A /* HTMLTagFactory.h */,
				373DA5BF2AF3CAB8002E787A /* IMGHTMLTag.h */,
				373DA5C02AF3CAB8002E787A /* HTMLTagHeader.m */,
				373DA5C12AF3CAB8002E787A /* HTMLBaseTag.m */,
				373DA5C22AF3CAB8002E787A /* BHTMLTag.h */,
				373DA5C32AF3CAB8002E787A /* TextHTMLTag.m */,
				373DA5C42AF3CAB8002E787A /* FONTHTMLTag.m */,
				373DA5C52AF3CAB8002E787A /* NEWLINEHTMLTag.m */,
				373DA5C62AF3CAB8002E787A /* IMGHTMLTag.m */,
				373DA5C72AF3CAB8002E787A /* HTMLTagFactory.m */,
				373DA5C82AF3CAB8002E787A /* BHTMLTag.m */,
				373DA5C92AF3CAB8002E787A /* HTMLBaseTag.h */,
				373DA5CA2AF3CAB8002E787A /* HTMLTagHeader.h */,
				373DA5CB2AF3CAB8002E787A /* TextHTMLTag.h */,
				373DA5CC2AF3CAB8002E787A /* NEWLINEHTMLTag.h */,
				373DA5CD2AF3CAB8002E787A /* FONTHTMLTag.h */,
			);
			path = HTMLTag;
			sourceTree = "<group>";
		};
		373DA5CE2AF3CAB8002E787A /* Tool */ = {
			isa = PBXGroup;
			children = (
				373DA5E92AF3CC81002E787A /* UIColor+Hex.h */,
				373DA5E82AF3CC81002E787A /* UIColor+Hex.m */,
				373DA5D32AF3CAB8002E787A /* HTMLParserAttRegex.h */,
				373DA5CF2AF3CAB8002E787A /* HTMLParserAttRegex.m */,
				373DA5D02AF3CAB8002E787A /* NSTextCheckingResult+Tool.h */,
				373DA5D42AF3CAB8002E787A /* NSTextCheckingResult+Tool.m */,
				373DA5D62AF3CAB8002E787A /* HTMLBaseTag+Tool.h */,
				373DA5D12AF3CAB8002E787A /* HTMLBaseTag+Tool.m */,
				373DA5D22AF3CAB8002E787A /* HTMLParserTagRegex.h */,
				373DA5D52AF3CAB8002E787A /* HTMLParserTagRegex.m */,
			);
			path = Tool;
			sourceTree = "<group>";
		};
		50DB39EE9ABAD35A1C2C2C72 /* Pods */ = {
			isa = PBXGroup;
			children = (
				6E969C90F57EC963C91CDF93 /* Pods-HTMLParseDomn.debug.xcconfig */,
				BC3D60D856CA0A95911777BE /* Pods-HTMLParseDomn.release.xcconfig */,
			);
			path = Pods;
			sourceTree = "<group>";
		};
/* End PBXGroup section */

/* Begin PBXNativeTarget section */
		373DA59B2AF3CA8E002E787A /* HTMLParseDomn */ = {
			isa = PBXNativeTarget;
			buildConfigurationList = 373DA5B52AF3CA8F002E787A /* Build configuration list for PBXNativeTarget "HTMLParseDomn" */;
			buildPhases = (
				0E97658FA186E2D46D83E62A /* [CP] Check Pods Manifest.lock */,
				373DA5982AF3CA8E002E787A /* Sources */,
				373DA5992AF3CA8E002E787A /* Frameworks */,
				373DA59A2AF3CA8E002E787A /* Resources */,
			);
			buildRules = (
			);
			dependencies = (
			);
			name = HTMLParseDomn;
			productName = HTMLParseDomn;
			productReference = 373DA59C2AF3CA8E002E787A /* HTMLParseDomn.app */;
			productType = "com.apple.product-type.application";
		};
/* End PBXNativeTarget section */

/* Begin PBXProject section */
		373DA5942AF3CA8E002E787A /* Project object */ = {
			isa = PBXProject;
			attributes = {
				BuildIndependentTargetsInParallel = 1;
				LastUpgradeCheck = 1430;
				TargetAttributes = {
					373DA59B2AF3CA8E002E787A = {
						CreatedOnToolsVersion = 14.3.1;
					};
				};
			};
			buildConfigurationList = 373DA5972AF3CA8E002E787A /* Build configuration list for PBXProject "HTMLParseDomn" */;
			compatibilityVersion = "Xcode 14.0";
			developmentRegion = en;
			hasScannedForEncodings = 0;
			knownRegions = (
				en,
				Base,
			);
			mainGroup = 373DA5932AF3CA8E002E787A;
			productRefGroup = 373DA59D2AF3CA8E002E787A /* Products */;
			projectDirPath = "";
			projectRoot = "";
			targets = (
				373DA59B2AF3CA8E002E787A /* HTMLParseDomn */,
			);
		};
/* End PBXProject section */

/* Begin PBXResourcesBuildPhase section */
		373DA59A2AF3CA8E002E787A /* Resources */ = {
			isa = PBXResourcesBuildPhase;
			buildActionMask = 2147483647;
			files = (
				373DA5AF2AF3CA8F002E787A /* LaunchScreen.storyboard in Resources */,
				373DA5AC2AF3CA8F002E787A /* Assets.xcassets in Resources */,
				373DA5AA2AF3CA8E002E787A /* Main.storyboard in Resources */,
			);
			runOnlyForDeploymentPostprocessing = 0;
		};
/* End PBXResourcesBuildPhase section */

/* Begin PBXShellScriptBuildPhase section */
		0E97658FA186E2D46D83E62A /* [CP] Check Pods Manifest.lock */ = {
			isa = PBXShellScriptBuildPhase;
			buildActionMask = 2147483647;
			files = (
			);
			inputFileListPaths = (
			);
			inputPaths = (
				"${PODS_PODFILE_DIR_PATH}/Podfile.lock",
				"${PODS_ROOT}/Manifest.lock",
			);
			name = "[CP] Check Pods Manifest.lock";
			outputFileListPaths = (
			);
			outputPaths = (
				"$(DERIVED_FILE_DIR)/Pods-HTMLParseDomn-checkManifestLockResult.txt",
			);
			runOnlyForDeploymentPostprocessing = 0;
			shellPath = /bin/sh;
			shellScript = "diff \"${PODS_PODFILE_DIR_PATH}/Podfile.lock\" \"${PODS_ROOT}/Manifest.lock\" > /dev/null\nif [ $? != 0 ] ; then\n    # print error to STDERR\n    echo \"error: The sandbox is not in sync with the Podfile.lock. Run 'pod install' or update your CocoaPods installation.\" >&2\n    exit 1\nfi\n# This output is used by Xcode 'outputs' to avoid re-running this script phase.\necho \"SUCCESS\" > \"${SCRIPT_OUTPUT_FILE_0}\"\n";
			showEnvVarsInLog = 0;
		};
/* End PBXShellScriptBuildPhase section */

/* Begin PBXSourcesBuildPhase section */
		373DA5982AF3CA8E002E787A /* Sources */ = {
			isa = PBXSourcesBuildPhase;
			buildActionMask = 2147483647;
			files = (
				373DA5D82AF3CAB8002E787A /* HTMLParserDelegate.m in Sources */,
				373DA5EA2AF3CC81002E787A /* UIColor+Hex.m in Sources */,
				373DA5DB2AF3CAB8002E787A /* TextHTMLTag.m in Sources */,
				373DA5E22AF3CAB8002E787A /* HTMLBaseTag+Tool.m in Sources */,
				373DA5DC2AF3CAB8002E787A /* FONTHTMLTag.m in Sources */,
				373DA5A72AF3CA8E002E787A /* ViewController.m in Sources */,
				373DA5E32AF3CAB8002E787A /* NSTextCheckingResult+Tool.m in Sources */,
				373DA5DD2AF3CAB8002E787A /* NEWLINEHTMLTag.m in Sources */,
				373DA5A12AF3CA8E002E787A /* AppDelegate.m in Sources */,
				373DA5D92AF3CAB8002E787A /* HTMLTagHeader.m in Sources */,
				373DA5DF2AF3CAB8002E787A /* HTMLTagFactory.m in Sources */,
				373DA5DA2AF3CAB8002E787A /* HTMLBaseTag.m in Sources */,
				373DA5E12AF3CAB8002E787A /* HTMLParserAttRegex.m in Sources */,
				373DA5B22AF3CA8F002E787A /* main.m in Sources */,
				373DA5DE2AF3CAB8002E787A /* IMGHTMLTag.m in Sources */,
				373DA5A42AF3CA8E002E787A /* SceneDelegate.m in Sources */,
				373DA5E02AF3CAB8002E787A /* BHTMLTag.m in Sources */,
				373DA5E42AF3CAB8002E787A /* HTMLParserTagRegex.m in Sources */,
				373DA5D72AF3CAB8002E787A /* HTMLParser.m in Sources */,
			);
			runOnlyForDeploymentPostprocessing = 0;
		};
/* End PBXSourcesBuildPhase section */

/* Begin PBXVariantGroup section */
		373DA5A82AF3CA8E002E787A /* Main.storyboard */ = {
			isa = PBXVariantGroup;
			children = (
				373DA5A92AF3CA8E002E787A /* Base */,
			);
			name = Main.storyboard;
			sourceTree = "<group>";
		};
		373DA5AD2AF3CA8F002E787A /* LaunchScreen.storyboard */ = {
			isa = PBXVariantGroup;
			children = (
				373DA5AE2AF3CA8F002E787A /* Base */,
			);
			name = LaunchScreen.storyboard;
			sourceTree = "<group>";
		};
/* End PBXVariantGroup section */

/* Begin XCBuildConfiguration section */
		373DA5B32AF3CA8F002E787A /* Debug */ = {
			isa = XCBuildConfiguration;
			buildSettings = {
				ALWAYS_SEARCH_USER_PATHS = NO;
				CLANG_ANALYZER_NONNULL = YES;
				CLANG_ANALYZER_NUMBER_OBJECT_CONVERSION = YES_AGGRESSIVE;
				CLANG_CXX_LANGUAGE_STANDARD = "gnu++20";
				CLANG_ENABLE_MODULES = YES;
				CLANG_ENABLE_OBJC_ARC = YES;
				CLANG_ENABLE_OBJC_WEAK = YES;
				CLANG_WARN_BLOCK_CAPTURE_AUTORELEASING = YES;
				CLANG_WARN_BOOL_CONVERSION = YES;
				CLANG_WARN_COMMA = YES;
				CLANG_WARN_CONSTANT_CONVERSION = YES;
				CLANG_WARN_DEPRECATED_OBJC_IMPLEMENTATIONS = YES;
				CLANG_WARN_DIRECT_OBJC_ISA_USAGE = YES_ERROR;
				CLANG_WARN_DOCUMENTATION_COMMENTS = YES;
				CLANG_WARN_EMPTY_BODY = YES;
				CLANG_WARN_ENUM_CONVERSION = YES;
				CLANG_WARN_INFINITE_RECURSION = YES;
				CLANG_WARN_INT_CONVERSION = YES;
				CLANG_WARN_NON_LITERAL_NULL_CONVERSION = YES;
				CLANG_WARN_OBJC_IMPLICIT_RETAIN_SELF = YES;
				CLANG_WARN_OBJC_LITERAL_CONVERSION = YES;
				CLANG_WARN_OBJC_ROOT_CLASS = YES_ERROR;
				CLANG_WARN_QUOTED_INCLUDE_IN_FRAMEWORK_HEADER = YES;
				CLANG_WARN_RANGE_LOOP_ANALYSIS = YES;
				CLANG_WARN_STRICT_PROTOTYPES = YES;
				CLANG_WARN_SUSPICIOUS_MOVE = YES;
				CLANG_WARN_UNGUARDED_AVAILABILITY = YES_AGGRESSIVE;
				CLANG_WARN_UNREACHABLE_CODE = YES;
				CLANG_WARN__DUPLICATE_METHOD_MATCH = YES;
				COPY_PHASE_STRIP = NO;
				DEBUG_INFORMATION_FORMAT = dwarf;
				ENABLE_STRICT_OBJC_MSGSEND = YES;
				ENABLE_TESTABILITY = YES;
				GCC_C_LANGUAGE_STANDARD = gnu11;
				GCC_DYNAMIC_NO_PIC = NO;
				GCC_NO_COMMON_BLOCKS = YES;
				GCC_OPTIMIZATION_LEVEL = 0;
				GCC_PREPROCESSOR_DEFINITIONS = (
					"DEBUG=1",
					"$(inherited)",
				);
				GCC_WARN_64_TO_32_BIT_CONVERSION = YES;
				GCC_WARN_ABOUT_RETURN_TYPE = YES_ERROR;
				GCC_WARN_UNDECLARED_SELECTOR = YES;
				GCC_WARN_UNINITIALIZED_AUTOS = YES_AGGRESSIVE;
				GCC_WARN_UNUSED_FUNCTION = YES;
				GCC_WARN_UNUSED_VARIABLE = YES;
				IPHONEOS_DEPLOYMENT_TARGET = 16.4;
				MTL_ENABLE_DEBUG_INFO = INCLUDE_SOURCE;
				MTL_FAST_MATH = YES;
				ONLY_ACTIVE_ARCH = YES;
				SDKROOT = iphoneos;
			};
			name = Debug;
		};
		373DA5B42AF3CA8F002E787A /* Release */ = {
			isa = XCBuildConfiguration;
			buildSettings = {
				ALWAYS_SEARCH_USER_PATHS = NO;
				CLANG_ANALYZER_NONNULL = YES;
				CLANG_ANALYZER_NUMBER_OBJECT_CONVERSION = YES_AGGRESSIVE;
				CLANG_CXX_LANGUAGE_STANDARD = "gnu++20";
				CLANG_ENABLE_MODULES = YES;
				CLANG_ENABLE_OBJC_ARC = YES;
				CLANG_ENABLE_OBJC_WEAK = YES;
				CLANG_WARN_BLOCK_CAPTURE_AUTORELEASING = YES;
				CLANG_WARN_BOOL_CONVERSION = YES;
				CLANG_WARN_COMMA = YES;
				CLANG_WARN_CONSTANT_CONVERSION = YES;
				CLANG_WARN_DEPRECATED_OBJC_IMPLEMENTATIONS = YES;
				CLANG_WARN_DIRECT_OBJC_ISA_USAGE = YES_ERROR;
				CLANG_WARN_DOCUMENTATION_COMMENTS = YES;
				CLANG_WARN_EMPTY_BODY = YES;
				CLANG_WARN_ENUM_CONVERSION = YES;
				CLANG_WARN_INFINITE_RECURSION = YES;
				CLANG_WARN_INT_CONVERSION = YES;
				CLANG_WARN_NON_LITERAL_NULL_CONVERSION = YES;
				CLANG_WARN_OBJC_IMPLICIT_RETAIN_SELF = YES;
				CLANG_WARN_OBJC_LITERAL_CONVERSION = YES;
				CLANG_WARN_OBJC_ROOT_CLASS = YES_ERROR;
				CLANG_WARN_QUOTED_INCLUDE_IN_FRAMEWORK_HEADER = YES;
				CLANG_WARN_RANGE_LOOP_ANALYSIS = YES;
				CLANG_WARN_STRICT_PROTOTYPES = YES;
				CLANG_WARN_SUSPICIOUS_MOVE = YES;
				CLANG_WARN_UNGUARDED_AVAILABILITY = YES_AGGRESSIVE;
				CLANG_WARN_UNREACHABLE_CODE = YES;
				CLANG_WARN__DUPLICATE_METHOD_MATCH = YES;
				COPY_PHASE_STRIP = NO;
				DEBUG_INFORMATION_FORMAT = "dwarf-with-dsym";
				ENABLE_NS_ASSERTIONS = NO;
				ENABLE_STRICT_OBJC_MSGSEND = YES;
				GCC_C_LANGUAGE_STANDARD = gnu11;
				GCC_NO_COMMON_BLOCKS = YES;
				GCC_WARN_64_TO_32_BIT_CONVERSION = YES;
				GCC_WARN_ABOUT_RETURN_TYPE = YES_ERROR;
				GCC_WARN_UNDECLARED_SELECTOR = YES;
				GCC_WARN_UNINITIALIZED_AUTOS = YES_AGGRESSIVE;
				GCC_WARN_UNUSED_FUNCTION = YES;
				GCC_WARN_UNUSED_VARIABLE = YES;
				IPHONEOS_DEPLOYMENT_TARGET = 16.4;
				MTL_ENABLE_DEBUG_INFO = NO;
				MTL_FAST_MATH = YES;
				SDKROOT = iphoneos;
				VALIDATE_PRODUCT = YES;
			};
			name = Release;
		};
		373DA5B62AF3CA8F002E787A /* Debug */ = {
			isa = XCBuildConfiguration;
			baseConfigurationReference = 6E969C90F57EC963C91CDF93 /* Pods-HTMLParseDomn.debug.xcconfig */;
			buildSettings = {
				ASSETCATALOG_COMPILER_APPICON_NAME = AppIcon;
				ASSETCATALOG_COMPILER_GLOBAL_ACCENT_COLOR_NAME = AccentColor;
				CODE_SIGN_STYLE = Automatic;
				CURRENT_PROJECT_VERSION = 1;
				GENERATE_INFOPLIST_FILE = YES;
				INFOPLIST_FILE = HTMLParseDomn/Info.plist;
				INFOPLIST_KEY_UIApplicationSupportsIndirectInputEvents = YES;
				INFOPLIST_KEY_UILaunchStoryboardName = LaunchScreen;
				INFOPLIST_KEY_UIMainStoryboardFile = Main;
				INFOPLIST_KEY_UISupportedInterfaceOrientations_iPad = "UIInterfaceOrientationPortrait UIInterfaceOrientationPortraitUpsideDown UIInterfaceOrientationLandscapeLeft UIInterfaceOrientationLandscapeRight";
				INFOPLIST_KEY_UISupportedInterfaceOrientations_iPhone = "UIInterfaceOrientationPortrait UIInterfaceOrientationLandscapeLeft UIInterfaceOrientationLandscapeRight";
				LD_RUNPATH_SEARCH_PATHS = (
					"$(inherited)",
					"@executable_path/Frameworks",
				);
				MARKETING_VERSION = 1.0;
				PRODUCT_BUNDLE_IDENTIFIER = genglihui.HTMLParseDomn;
				PRODUCT_NAME = "$(TARGET_NAME)";
				SWIFT_EMIT_LOC_STRINGS = YES;
				TARGETED_DEVICE_FAMILY = "1,2";
			};
			name = Debug;
		};
		373DA5B72AF3CA8F002E787A /* Release */ = {
			isa = XCBuildConfiguration;
			baseConfigurationReference = BC3D60D856CA0A95911777BE /* Pods-HTMLParseDomn.release.xcconfig */;
			buildSettings = {
				ASSETCATALOG_COMPILER_APPICON_NAME = AppIcon;
				ASSETCATALOG_COMPILER_GLOBAL_ACCENT_COLOR_NAME = AccentColor;
				CODE_SIGN_STYLE = Automatic;
				CURRENT_PROJECT_VERSION = 1;
				GENERATE_INFOPLIST_FILE = YES;
				INFOPLIST_FILE = HTMLParseDomn/Info.plist;
				INFOPLIST_KEY_UIApplicationSupportsIndirectInputEvents = YES;
				INFOPLIST_KEY_UILaunchStoryboardName = LaunchScreen;
				INFOPLIST_KEY_UIMainStoryboardFile = Main;
				INFOPLIST_KEY_UISupportedInterfaceOrientations_iPad = "UIInterfaceOrientationPortrait UIInterfaceOrientationPortraitUpsideDown UIInterfaceOrientationLandscapeLeft UIInterfaceOrientationLandscapeRight";
				INFOPLIST_KEY_UISupportedInterfaceOrientations_iPhone = "UIInterfaceOrientationPortrait UIInterfaceOrientationLandscapeLeft UIInterfaceOrientationLandscapeRight";
				LD_RUNPATH_SEARCH_PATHS = (
					"$(inherited)",
					"@executable_path/Frameworks",
				);
				MARKETING_VERSION = 1.0;
				PRODUCT_BUNDLE_IDENTIFIER = genglihui.HTMLParseDomn;
				PRODUCT_NAME = "$(TARGET_NAME)";
				SWIFT_EMIT_LOC_STRINGS = YES;
				TARGETED_DEVICE_FAMILY = "1,2";
			};
			name = Release;
		};
/* End XCBuildConfiguration section */

/* Begin XCConfigurationList section */
		373DA5972AF3CA8E002E787A /* Build configuration list for PBXProject "HTMLParseDomn" */ = {
			isa = XCConfigurationList;
			buildConfigurations = (
				373DA5B32AF3CA8F002E787A /* Debug */,
				373DA5B42AF3CA8F002E787A /* Release */,
			);
			defaultConfigurationIsVisible = 0;
			defaultConfigurationName = Release;
		};
		373DA5B52AF3CA8F002E787A /* Build configuration list for PBXNativeTarget "HTMLParseDomn" */ = {
			isa = XCConfigurationList;
			buildConfigurations = (
				373DA5B62AF3CA8F002E787A /* Debug */,
				373DA5B72AF3CA8F002E787A /* Release */,
			);
			defaultConfigurationIsVisible = 0;
			defaultConfigurationName = Release;
		};
/* End XCConfigurationList section */
	};
	rootObject = 373DA5942AF3CA8E002E787A /* Project object */;
}
